
Microsoft Visual Studio Solution File, Format Version 12.00
# Visual Studio 15
VisualStudioVersion = 15.0.28307.1000
MinimumVisualStudioVersion = 10.0.40219.1
Project("{FAE04EC0-301F-11D3-BF4B-00C04F79EFBC}") = "WebApplication1", "WebApplication1\WebApplication1.csproj", "{686CF0B8-2B91-484D-A0F2-F39741C205AF}"
EndProject
Global
	GlobalSection(SolutionConfigurationPlatforms) = preSolution
		Debug|Any CPU = Debug|Any CPU
		Release|Any CPU = Release|Any CPU
	EndGlobalSection
	GlobalSection(ProjectConfigurationPlatforms) = postSolution
		{686CF0B8-2B91-484D-A0F2-F39741C205AF}.Debug|Any CPU.ActiveCfg = Debug|Any CPU
		{686CF0B8-2B91-484D-A0F2-F39741C205AF}.Debug|Any CPU.Build.0 = Debug|Any CPU
		{686CF0B8-2B91-484D-A0F2-F39741C205AF}.Release|Any CPU.ActiveCfg = Release|Any CPU
		{686CF0B8-2B91-484D-A0F2-F39741C205AF}.Release|Any CPU.Build.0 = Release|Any CPU
	EndGlobalSection
	GlobalSection(SolutionProperties) = preSolution
		HideSolutionNode = FALSE
	EndGlobalSection
	GlobalSection(ExtensibilityGlobals) = postSolution
		SolutionGuid = {A54182A6-26B0-4A85-947A-8C946939D473}
	EndGlobalSection
EndGlobal
